
Microsoft Visual Studio Solution File, Format Version 12.00
# Visual Studio Version 17
VisualStudioVersion = 17.4.33213.308
MinimumVisualStudioVersion = 10.0.40219.1
Project("{888888A0-9F3D-457C-B088-3A5042F75D52}") = "lumemees'", "lumemees'.pyproj", "{41DDE0BA-6E16-4834-B402-C1DACDA67850}"
EndProject
Global
	GlobalSection(SolutionConfigurationPlatforms) = preSolution
		Debug|Any CPU = Debug|Any CPU
		Release|Any CPU = Release|Any CPU
	EndGlobalSection
	GlobalSection(ProjectConfigurationPlatforms) = postSolution
		{41DDE0BA-6E16-4834-B402-C1DACDA67850}.Debug|Any CPU.ActiveCfg = Debug|Any CPU
		{41DDE0BA-6E16-4834-B402-C1DACDA67850}.Release|Any CPU.ActiveCfg = Release|Any CPU
	EndGlobalSection
	GlobalSection(SolutionProperties) = preSolution
		HideSolutionNode = FALSE
	EndGlobalSection
	GlobalSection(ExtensibilityGlobals) = postSolution
		SolutionGuid = {BD8FE37A-2D55-4C89-8D9E-C7B4D796D315}
	EndGlobalSection
EndGlobal
